// !$*UTF8*$!
{
	archiveVersion = 1;
	classes = {
	};
	objectVersion = 50;
	objects = {

/* Begin PBXBuildFile section */
		AA3BDA3224F9979B00B4137D /* Racket.framework in Frameworks */ = {isa = PBXBuildFile; fileRef = AAC1FDCA24E80F23003508CE /* Racket.framework */; };
		AA3BDA3324F9979B00B4137D /* Racket.framework in Embed Frameworks */ = {isa = PBXBuildFile; fileRef = AAC1FDCA24E80F23003508CE /* Racket.framework */; settings = {ATTRIBUTES = (CodeSignOnCopy, RemoveHeadersOnCopy, ); }; };
		AA3BDA3424F9987200B4137D /* RedLib.framework in Frameworks */ = {isa = PBXBuildFile; fileRef = AAC1FDCC24E81018003508CE /* RedLib.framework */; };
		AA3BDA3524F9987200B4137D /* RedLib.framework in Embed Frameworks */ = {isa = PBXBuildFile; fileRef = AAC1FDCC24E81018003508CE /* RedLib.framework */; settings = {ATTRIBUTES = (CodeSignOnCopy, RemoveHeadersOnCopy, ); }; };
		AA6DDEFC249276A1009AD2D5 /* AppDelegate.swift in Sources */ = {isa = PBXBuildFile; fileRef = AA6DDEFB249276A1009AD2D5 /* AppDelegate.swift */; };
		AA6DDEFE249276A1009AD2D5 /* Assets.xcassets in Resources */ = {isa = PBXBuildFile; fileRef = AA6DDEFD249276A1009AD2D5 /* Assets.xcassets */; };
		AA6DDF01249276A1009AD2D5 /* MainMenu.xib in Resources */ = {isa = PBXBuildFile; fileRef = AA6DDEFF249276A1009AD2D5 /* MainMenu.xib */; };
		AA6DDF0D249276A1009AD2D5 /* RedTests.swift in Sources */ = {isa = PBXBuildFile; fileRef = AA6DDF0C249276A1009AD2D5 /* RedTests.swift */; };
		AA6DDF18249276A1009AD2D5 /* RedUITests.swift in Sources */ = {isa = PBXBuildFile; fileRef = AA6DDF17249276A1009AD2D5 /* RedUITests.swift */; };
		AA6DDF2724927973009AD2D5 /* PanelViewController.swift in Sources */ = {isa = PBXBuildFile; fileRef = AA6DDF2524927973009AD2D5 /* PanelViewController.swift */; };
		AA6DDF2824927973009AD2D5 /* PanelViewController.xib in Resources */ = {isa = PBXBuildFile; fileRef = AA6DDF2624927973009AD2D5 /* PanelViewController.xib */; };
		AA6DDF2B24969A2E009AD2D5 /* ScrollViewController.swift in Sources */ = {isa = PBXBuildFile; fileRef = AA6DDF2924969A2E009AD2D5 /* ScrollViewController.swift */; };
		AA6DDF2C24969A2E009AD2D5 /* ScrollViewController.xib in Resources */ = {isa = PBXBuildFile; fileRef = AA6DDF2A24969A2E009AD2D5 /* ScrollViewController.xib */; };
		AA6DDF32249A3621009AD2D5 /* MMTextViewController.swift in Sources */ = {isa = PBXBuildFile; fileRef = AA6DDF30249A3621009AD2D5 /* MMTextViewController.swift */; };
		AA6DDF33249A3621009AD2D5 /* MMTextViewController.xib in Resources */ = {isa = PBXBuildFile; fileRef = AA6DDF31249A3621009AD2D5 /* MMTextViewController.xib */; };
		AA6DDF37249A365F009AD2D5 /* MMTextView.swift in Sources */ = {isa = PBXBuildFile; fileRef = AA6DDF36249A365F009AD2D5 /* MMTextView.swift */; };
		AA6DDF39249A3A5F009AD2D5 /* Bridge.swift in Sources */ = {isa = PBXBuildFile; fileRef = AA6DDF38249A3A5F009AD2D5 /* Bridge.swift */; };
		AA703993249AC87C009FD158 /* MMClipView.swift in Sources */ = {isa = PBXBuildFile; fileRef = AA703992249AC87C009FD158 /* MMClipView.swift */; };
		AA70399624A28C0D009FD158 /* test.c in Sources */ = {isa = PBXBuildFile; fileRef = AA70399524A28C0D009FD158 /* test.c */; };
		AAA8173B24B59EC200A770A1 /* MMTilingTest.swift in Sources */ = {isa = PBXBuildFile; fileRef = AAA8173924B59EC200A770A1 /* MMTilingTest.swift */; };
		AAA8173C24B59EC200A770A1 /* MMTilingTest.xib in Resources */ = {isa = PBXBuildFile; fileRef = AAA8173A24B59EC200A770A1 /* MMTilingTest.xib */; };
		AAA8173E24B59EEF00A770A1 /* MMTilingView.swift in Sources */ = {isa = PBXBuildFile; fileRef = AAA8173D24B59EEF00A770A1 /* MMTilingView.swift */; };
		AAA8174024B5A18000A770A1 /* CoreGraphics.framework in Frameworks */ = {isa = PBXBuildFile; fileRef = AAA8173F24B5A17F00A770A1 /* CoreGraphics.framework */; };
		AAE6D6352525BD4F00235FEC /* MMTextScrollView.xib in Resources */ = {isa = PBXBuildFile; fileRef = AAE6D6342525BD4F00235FEC /* MMTextScrollView.xib */; };
		AAE6D6392525BD6C00235FEC /* MMTextScrollView.swift in Sources */ = {isa = PBXBuildFile; fileRef = AAE6D6382525BD6C00235FEC /* MMTextScrollView.swift */; };
		AAE6D63D2525BE7300235FEC /* MMTextPortalView.swift in Sources */ = {isa = PBXBuildFile; fileRef = AAE6D63C2525BE7300235FEC /* MMTextPortalView.swift */; };
		AAF120AD252B9D0C00CBD0D9 /* test.txt in Resources */ = {isa = PBXBuildFile; fileRef = AAF120AC252B9D0C00CBD0D9 /* test.txt */; };
/* End PBXBuildFile section */

/* Begin PBXContainerItemProxy section */
		AA6DDF09249276A1009AD2D5 /* PBXContainerItemProxy */ = {
			isa = PBXContainerItemProxy;
			containerPortal = AA6DDEF0249276A1009AD2D5 /* Project object */;
			proxyType = 1;
			remoteGlobalIDString = AA6DDEF7249276A1009AD2D5;
			remoteInfo = Red;
		};
		AA6DDF14249276A1009AD2D5 /* PBXContainerItemProxy */ = {
			isa = PBXContainerItemProxy;
			containerPortal = AA6DDEF0249276A1009AD2D5 /* Project object */;
			proxyType = 1;
			remoteGlobalIDString = AA6DDEF7249276A1009AD2D5;
			remoteInfo = Red;
		};
/* End PBXContainerItemProxy section */

/* Begin PBXCopyFilesBuildPhase section */
		AAA8174924B9BC9B00A770A1 /* Embed Frameworks */ = {
			isa = PBXCopyFilesBuildPhase;
			buildActionMask = 2147483647;
			dstPath = "";
			dstSubfolderSpec = 10;
			files = (
				AA3BDA3524F9987200B4137D /* RedLib.framework in Embed Frameworks */,
				AA3BDA3324F9979B00B4137D /* Racket.framework in Embed Frameworks */,
			);
			name = "Embed Frameworks";
			runOnlyForDeploymentPostprocessing = 0;
		};
/* End PBXCopyFilesBuildPhase section */

/* Begin PBXFileReference section */
		AA6DDEF8249276A1009AD2D5 /* Red.app */ = {isa = PBXFileReference; explicitFileType = wrapper.application; includeInIndex = 0; path = Red.app; sourceTree = BUILT_PRODUCTS_DIR; };
		AA6DDEFB249276A1009AD2D5 /* AppDelegate.swift */ = {isa = PBXFileReference; lastKnownFileType = sourcecode.swift; path = AppDelegate.swift; sourceTree = "<group>"; };
		AA6DDEFD249276A1009AD2D5 /* Assets.xcassets */ = {isa = PBXFileReference; lastKnownFileType = folder.assetcatalog; path = Assets.xcassets; sourceTree = "<group>"; };
		AA6DDF00249276A1009AD2D5 /* Base */ = {isa = PBXFileReference; lastKnownFileType = file.xib; name = Base; path = Base.lproj/MainMenu.xib; sourceTree = "<group>"; };
		AA6DDF02249276A1009AD2D5 /* Info.plist */ = {isa = PBXFileReference; lastKnownFileType = text.plist.xml; path = Info.plist; sourceTree = "<group>"; };
		AA6DDF03249276A1009AD2D5 /* Red.entitlements */ = {isa = PBXFileReference; lastKnownFileType = text.plist.entitlements; path = Red.entitlements; sourceTree = "<group>"; };
		AA6DDF08249276A1009AD2D5 /* RedTests.xctest */ = {isa = PBXFileReference; explicitFileType = wrapper.cfbundle; includeInIndex = 0; path = RedTests.xctest; sourceTree = BUILT_PRODUCTS_DIR; };
		AA6DDF0C249276A1009AD2D5 /* RedTests.swift */ = {isa = PBXFileReference; lastKnownFileType = sourcecode.swift; path = RedTests.swift; sourceTree = "<group>"; };
		AA6DDF0E249276A1009AD2D5 /* Info.plist */ = {isa = PBXFileReference; lastKnownFileType = text.plist.xml; path = Info.plist; sourceTree = "<group>"; };
		AA6DDF13249276A1009AD2D5 /* RedUITests.xctest */ = {isa = PBXFileReference; explicitFileType = wrapper.cfbundle; includeInIndex = 0; path = RedUITests.xctest; sourceTree = BUILT_PRODUCTS_DIR; };
		AA6DDF17249276A1009AD2D5 /* RedUITests.swift */ = {isa = PBXFileReference; lastKnownFileType = sourcecode.swift; path = RedUITests.swift; sourceTree = "<group>"; };
		AA6DDF19249276A2009AD2D5 /* Info.plist */ = {isa = PBXFileReference; lastKnownFileType = text.plist.xml; path = Info.plist; sourceTree = "<group>"; };
		AA6DDF2524927973009AD2D5 /* PanelViewController.swift */ = {isa = PBXFileReference; lastKnownFileType = sourcecode.swift; path = PanelViewController.swift; sourceTree = "<group>"; };
		AA6DDF2624927973009AD2D5 /* PanelViewController.xib */ = {isa = PBXFileReference; lastKnownFileType = file.xib; path = PanelViewController.xib; sourceTree = "<group>"; };
		AA6DDF2924969A2E009AD2D5 /* ScrollViewController.swift */ = {isa = PBXFileReference; lastKnownFileType = sourcecode.swift; path = ScrollViewController.swift; sourceTree = "<group>"; };
		AA6DDF2A24969A2E009AD2D5 /* ScrollViewController.xib */ = {isa = PBXFileReference; lastKnownFileType = file.xib; path = ScrollViewController.xib; sourceTree = "<group>"; };
		AA6DDF30249A3621009AD2D5 /* MMTextViewController.swift */ = {isa = PBXFileReference; lastKnownFileType = sourcecode.swift; path = MMTextViewController.swift; sourceTree = "<group>"; };
		AA6DDF31249A3621009AD2D5 /* MMTextViewController.xib */ = {isa = PBXFileReference; lastKnownFileType = file.xib; path = MMTextViewController.xib; sourceTree = "<group>"; };
		AA6DDF36249A365F009AD2D5 /* MMTextView.swift */ = {isa = PBXFileReference; lastKnownFileType = sourcecode.swift; path = MMTextView.swift; sourceTree = "<group>"; };
		AA6DDF38249A3A5F009AD2D5 /* Bridge.swift */ = {isa = PBXFileReference; lastKnownFileType = sourcecode.swift; path = Bridge.swift; sourceTree = "<group>"; };
		AA703991249A6D21009FD158 /* MyPlayground.playground */ = {isa = PBXFileReference; lastKnownFileType = file.playground; path = MyPlayground.playground; sourceTree = "<group>"; xcLanguageSpecificationIdentifier = xcode.lang.swift; };
		AA703992249AC87C009FD158 /* MMClipView.swift */ = {isa = PBXFileReference; lastKnownFileType = sourcecode.swift; path = MMClipView.swift; sourceTree = "<group>"; };
		AA70399424A28C0D009FD158 /* test.h */ = {isa = PBXFileReference; lastKnownFileType = sourcecode.c.h; path = test.h; sourceTree = "<group>"; };
		AA70399524A28C0D009FD158 /* test.c */ = {isa = PBXFileReference; lastKnownFileType = sourcecode.c.c; path = test.c; sourceTree = "<group>"; };
		AA70399724A28D4D009FD158 /* bridge.h */ = {isa = PBXFileReference; lastKnownFileType = sourcecode.c.h; path = bridge.h; sourceTree = "<group>"; };
		AAA8173924B59EC200A770A1 /* MMTilingTest.swift */ = {isa = PBXFileReference; lastKnownFileType = sourcecode.swift; path = MMTilingTest.swift; sourceTree = "<group>"; };
		AAA8173A24B59EC200A770A1 /* MMTilingTest.xib */ = {isa = PBXFileReference; lastKnownFileType = file.xib; path = MMTilingTest.xib; sourceTree = "<group>"; };
		AAA8173D24B59EEF00A770A1 /* MMTilingView.swift */ = {isa = PBXFileReference; lastKnownFileType = sourcecode.swift; path = MMTilingView.swift; sourceTree = "<group>"; };
		AAA8173F24B5A17F00A770A1 /* CoreGraphics.framework */ = {isa = PBXFileReference; lastKnownFileType = wrapper.framework; name = CoreGraphics.framework; path = System/Library/Frameworks/CoreGraphics.framework; sourceTree = SDKROOT; };
		AAC1FDCA24E80F23003508CE /* Racket.framework */ = {isa = PBXFileReference; lastKnownFileType = wrapper.framework; name = Racket.framework; path = "../../../third-party/install/Frameworks/Racket.framework"; sourceTree = "<group>"; };
		AAC1FDCC24E81018003508CE /* RedLib.framework */ = {isa = PBXFileReference; lastKnownFileType = wrapper.framework; name = RedLib.framework; path = ../../libred/build/RedLib.framework; sourceTree = "<group>"; };
		AAE6D6342525BD4F00235FEC /* MMTextScrollView.xib */ = {isa = PBXFileReference; lastKnownFileType = file.xib; path = MMTextScrollView.xib; sourceTree = "<group>"; };
		AAE6D6382525BD6C00235FEC /* MMTextScrollView.swift */ = {isa = PBXFileReference; lastKnownFileType = sourcecode.swift; path = MMTextScrollView.swift; sourceTree = "<group>"; };
		AAE6D63C2525BE7300235FEC /* MMTextPortalView.swift */ = {isa = PBXFileReference; lastKnownFileType = sourcecode.swift; path = MMTextPortalView.swift; sourceTree = "<group>"; };
		AAF120AC252B9D0C00CBD0D9 /* test.txt */ = {isa = PBXFileReference; lastKnownFileType = text; path = test.txt; sourceTree = "<group>"; };
/* End PBXFileReference section */

/* Begin PBXFrameworksBuildPhase section */
		AA6DDEF5249276A1009AD2D5 /* Frameworks */ = {
			isa = PBXFrameworksBuildPhase;
			buildActionMask = 2147483647;
			files = (
				AA3BDA3224F9979B00B4137D /* Racket.framework in Frameworks */,
				AAA8174024B5A18000A770A1 /* CoreGraphics.framework in Frameworks */,
				AA3BDA3424F9987200B4137D /* RedLib.framework in Frameworks */,
			);
			runOnlyForDeploymentPostprocessing = 0;
		};
		AA6DDF05249276A1009AD2D5 /* Frameworks */ = {
			isa = PBXFrameworksBuildPhase;
			buildActionMask = 2147483647;
			files = (
			);
			runOnlyForDeploymentPostprocessing = 0;
		};
		AA6DDF10249276A1009AD2D5 /* Frameworks */ = {
			isa = PBXFrameworksBuildPhase;
			buildActionMask = 2147483647;
			files = (
			);
			runOnlyForDeploymentPostprocessing = 0;
		};
/* End PBXFrameworksBuildPhase section */

/* Begin PBXGroup section */
		AA6DDEEF249276A1009AD2D5 = {
			isa = PBXGroup;
			children = (
				AA6DDEFA249276A1009AD2D5 /* Red */,
				AA6DDF0B249276A1009AD2D5 /* RedTests */,
				AA6DDF16249276A1009AD2D5 /* RedUITests */,
				AA6DDEF9249276A1009AD2D5 /* Products */,
				AA70399C24A2E4F7009FD158 /* Frameworks */,
			);
			sourceTree = "<group>";
		};
		AA6DDEF9249276A1009AD2D5 /* Products */ = {
			isa = PBXGroup;
			children = (
				AA6DDEF8249276A1009AD2D5 /* Red.app */,
				AA6DDF08249276A1009AD2D5 /* RedTests.xctest */,
				AA6DDF13249276A1009AD2D5 /* RedUITests.xctest */,
			);
			name = Products;
			sourceTree = "<group>";
		};
		AA6DDEFA249276A1009AD2D5 /* Red */ = {
			isa = PBXGroup;
			children = (
				AA6DDEFB249276A1009AD2D5 /* AppDelegate.swift */,
				AA6DDF2524927973009AD2D5 /* PanelViewController.swift */,
				AA6DDF2624927973009AD2D5 /* PanelViewController.xib */,
				AA6DDF2924969A2E009AD2D5 /* ScrollViewController.swift */,
				AA6DDF2A24969A2E009AD2D5 /* ScrollViewController.xib */,
				AA6DDF30249A3621009AD2D5 /* MMTextViewController.swift */,
				AA6DDF31249A3621009AD2D5 /* MMTextViewController.xib */,
				AA6DDF36249A365F009AD2D5 /* MMTextView.swift */,
				AA703992249AC87C009FD158 /* MMClipView.swift */,
				AAA8173924B59EC200A770A1 /* MMTilingTest.swift */,
				AAA8173A24B59EC200A770A1 /* MMTilingTest.xib */,
				AAA8173D24B59EEF00A770A1 /* MMTilingView.swift */,
				AAE6D6382525BD6C00235FEC /* MMTextScrollView.swift */,
				AAE6D6342525BD4F00235FEC /* MMTextScrollView.xib */,
				AAE6D63C2525BE7300235FEC /* MMTextPortalView.swift */,
				AA6DDEFD249276A1009AD2D5 /* Assets.xcassets */,
				AA6DDEFF249276A1009AD2D5 /* MainMenu.xib */,
				AA6DDF02249276A1009AD2D5 /* Info.plist */,
				AA6DDF03249276A1009AD2D5 /* Red.entitlements */,
				AA6DDF38249A3A5F009AD2D5 /* Bridge.swift */,
				AA703991249A6D21009FD158 /* MyPlayground.playground */,
				AA70399424A28C0D009FD158 /* test.h */,
				AA70399524A28C0D009FD158 /* test.c */,
				AA70399724A28D4D009FD158 /* bridge.h */,
				AAF120AC252B9D0C00CBD0D9 /* test.txt */,
			);
			path = Red;
			sourceTree = "<group>";
		};
		AA6DDF0B249276A1009AD2D5 /* RedTests */ = {
			isa = PBXGroup;
			children = (
				AA6DDF0C249276A1009AD2D5 /* RedTests.swift */,
				AA6DDF0E249276A1009AD2D5 /* Info.plist */,
			);
			path = RedTests;
			sourceTree = "<group>";
		};
		AA6DDF16249276A1009AD2D5 /* RedUITests */ = {
			isa = PBXGroup;
			children = (
				AA6DDF17249276A1009AD2D5 /* RedUITests.swift */,
				AA6DDF19249276A2009AD2D5 /* Info.plist */,
			);
			path = RedUITests;
			sourceTree = "<group>";
		};
		AA70399C24A2E4F7009FD158 /* Frameworks */ = {
			isa = PBXGroup;
			children = (
				AAC1FDCC24E81018003508CE /* RedLib.framework */,
				AAC1FDCA24E80F23003508CE /* Racket.framework */,
				AAA8173F24B5A17F00A770A1 /* CoreGraphics.framework */,
			);
			name = Frameworks;
			sourceTree = "<group>";
		};
/* End PBXGroup section */

/* Begin PBXNativeTarget section */
		AA6DDEF7249276A1009AD2D5 /* Red */ = {
			isa = PBXNativeTarget;
			buildConfigurationList = AA6DDF1C249276A2009AD2D5 /* Build configuration list for PBXNativeTarget "Red" */;
			buildPhases = (
				AA6DDEF4249276A1009AD2D5 /* Sources */,
				AA6DDEF5249276A1009AD2D5 /* Frameworks */,
				AA6DDEF6249276A1009AD2D5 /* Resources */,
				AAA8174924B9BC9B00A770A1 /* Embed Frameworks */,
			);
			buildRules = (
			);
			dependencies = (
			);
			name = Red;
			productName = Red;
			productReference = AA6DDEF8249276A1009AD2D5 /* Red.app */;
			productType = "com.apple.product-type.application";
		};
		AA6DDF07249276A1009AD2D5 /* RedTests */ = {
			isa = PBXNativeTarget;
			buildConfigurationList = AA6DDF1F249276A2009AD2D5 /* Build configuration list for PBXNativeTarget "RedTests" */;
			buildPhases = (
				AA6DDF04249276A1009AD2D5 /* Sources */,
				AA6DDF05249276A1009AD2D5 /* Frameworks */,
				AA6DDF06249276A1009AD2D5 /* Resources */,
			);
			buildRules = (
			);
			dependencies = (
				AA6DDF0A249276A1009AD2D5 /* PBXTargetDependency */,
			);
			name = RedTests;
			productName = RedTests;
			productReference = AA6DDF08249276A1009AD2D5 /* RedTests.xctest */;
			productType = "com.apple.product-type.bundle.unit-test";
		};
		AA6DDF12249276A1009AD2D5 /* RedUITests */ = {
			isa = PBXNativeTarget;
			buildConfigurationList = AA6DDF22249276A2009AD2D5 /* Build configuration list for PBXNativeTarget "RedUITests" */;
			buildPhases = (
				AA6DDF0F249276A1009AD2D5 /* Sources */,
				AA6DDF10249276A1009AD2D5 /* Frameworks */,
				AA6DDF11249276A1009AD2D5 /* Resources */,
			);
			buildRules = (
			);
			dependencies = (
				AA6DDF15249276A1009AD2D5 /* PBXTargetDependency */,
			);
			name = RedUITests;
			productName = RedUITests;
			productReference = AA6DDF13249276A1009AD2D5 /* RedUITests.xctest */;
			productType = "com.apple.product-type.bundle.ui-testing";
		};
/* End PBXNativeTarget section */

/* Begin PBXProject section */
		AA6DDEF0249276A1009AD2D5 /* Project object */ = {
			isa = PBXProject;
			attributes = {
				LastSwiftUpdateCheck = 1150;
				LastUpgradeCheck = 1150;
				ORGANIZATIONNAME = ManicMind;
				TargetAttributes = {
					AA6DDEF7249276A1009AD2D5 = {
						CreatedOnToolsVersion = 11.5;
						LastSwiftMigration = 1150;
					};
					AA6DDF07249276A1009AD2D5 = {
						CreatedOnToolsVersion = 11.5;
						TestTargetID = AA6DDEF7249276A1009AD2D5;
					};
					AA6DDF12249276A1009AD2D5 = {
						CreatedOnToolsVersion = 11.5;
						TestTargetID = AA6DDEF7249276A1009AD2D5;
					};
				};
			};
			buildConfigurationList = AA6DDEF3249276A1009AD2D5 /* Build configuration list for PBXProject "Red" */;
			compatibilityVersion = "Xcode 9.3";
			developmentRegion = en;
			hasScannedForEncodings = 0;
			knownRegions = (
				en,
				Base,
			);
			mainGroup = AA6DDEEF249276A1009AD2D5;
			productRefGroup = AA6DDEF9249276A1009AD2D5 /* Products */;
			projectDirPath = "";
			projectRoot = "";
			targets = (
				AA6DDEF7249276A1009AD2D5 /* Red */,
				AA6DDF07249276A1009AD2D5 /* RedTests */,
				AA6DDF12249276A1009AD2D5 /* RedUITests */,
			);
		};
/* End PBXProject section */

/* Begin PBXResourcesBuildPhase section */
		AA6DDEF6249276A1009AD2D5 /* Resources */ = {
			isa = PBXResourcesBuildPhase;
			buildActionMask = 2147483647;
			files = (
				AA6DDEFE249276A1009AD2D5 /* Assets.xcassets in Resources */,
				AA6DDF01249276A1009AD2D5 /* MainMenu.xib in Resources */,
				AAE6D6352525BD4F00235FEC /* MMTextScrollView.xib in Resources */,
				AA6DDF2824927973009AD2D5 /* PanelViewController.xib in Resources */,
				AA6DDF2C24969A2E009AD2D5 /* ScrollViewController.xib in Resources */,
				AAA8173C24B59EC200A770A1 /* MMTilingTest.xib in Resources */,
				AAF120AD252B9D0C00CBD0D9 /* test.txt in Resources */,
				AA6DDF33249A3621009AD2D5 /* MMTextViewController.xib in Resources */,
			);
			runOnlyForDeploymentPostprocessing = 0;
		};
		AA6DDF06249276A1009AD2D5 /* Resources */ = {
			isa = PBXResourcesBuildPhase;
			buildActionMask = 2147483647;
			files = (
			);
			runOnlyForDeploymentPostprocessing = 0;
		};
		AA6DDF11249276A1009AD2D5 /* Resources */ = {
			isa = PBXResourcesBuildPhase;
			buildActionMask = 2147483647;
			files = (
			);
			runOnlyForDeploymentPostprocessing = 0;
		};
/* End PBXResourcesBuildPhase section */

/* Begin PBXSourcesBuildPhase section */
		AA6DDEF4249276A1009AD2D5 /* Sources */ = {
			isa = PBXSourcesBuildPhase;
			buildActionMask = 2147483647;
			files = (
				AAA8173B24B59EC200A770A1 /* MMTilingTest.swift in Sources */,
				AAE6D63D2525BE7300235FEC /* MMTextPortalView.swift in Sources */,
				AA6DDEFC249276A1009AD2D5 /* AppDelegate.swift in Sources */,
				AA6DDF2B24969A2E009AD2D5 /* ScrollViewController.swift in Sources */,
				AA6DDF39249A3A5F009AD2D5 /* Bridge.swift in Sources */,
				AAE6D6392525BD6C00235FEC /* MMTextScrollView.swift in Sources */,
				AA6DDF2724927973009AD2D5 /* PanelViewController.swift in Sources */,
				AA6DDF32249A3621009AD2D5 /* MMTextViewController.swift in Sources */,
				AA703993249AC87C009FD158 /* MMClipView.swift in Sources */,
				AAA8173E24B59EEF00A770A1 /* MMTilingView.swift in Sources */,
				AA6DDF37249A365F009AD2D5 /* MMTextView.swift in Sources */,
				AA70399624A28C0D009FD158 /* test.c in Sources */,
			);
			runOnlyForDeploymentPostprocessing = 0;
		};
		AA6DDF04249276A1009AD2D5 /* Sources */ = {
			isa = PBXSourcesBuildPhase;
			buildActionMask = 2147483647;
			files = (
				AA6DDF0D249276A1009AD2D5 /* RedTests.swift in Sources */,
			);
			runOnlyForDeploymentPostprocessing = 0;
		};
		AA6DDF0F249276A1009AD2D5 /* Sources */ = {
			isa = PBXSourcesBuildPhase;
			buildActionMask = 2147483647;
			files = (
				AA6DDF18249276A1009AD2D5 /* RedUITests.swift in Sources */,
			);
			runOnlyForDeploymentPostprocessing = 0;
		};
/* End PBXSourcesBuildPhase section */

/* Begin PBXTargetDependency section */
		AA6DDF0A249276A1009AD2D5 /* PBXTargetDependency */ = {
			isa = PBXTargetDependency;
			target = AA6DDEF7249276A1009AD2D5 /* Red */;
			targetProxy = AA6DDF09249276A1009AD2D5 /* PBXContainerItemProxy */;
		};
		AA6DDF15249276A1009AD2D5 /* PBXTargetDependency */ = {
			isa = PBXTargetDependency;
			target = AA6DDEF7249276A1009AD2D5 /* Red */;
			targetProxy = AA6DDF14249276A1009AD2D5 /* PBXContainerItemProxy */;
		};
/* End PBXTargetDependency section */

/* Begin PBXVariantGroup section */
		AA6DDEFF249276A1009AD2D5 /* MainMenu.xib */ = {
			isa = PBXVariantGroup;
			children = (
				AA6DDF00249276A1009AD2D5 /* Base */,
			);
			name = MainMenu.xib;
			sourceTree = "<group>";
		};
/* End PBXVariantGroup section */

/* Begin XCBuildConfiguration section */
		AA6DDF1A249276A2009AD2D5 /* Debug */ = {
			isa = XCBuildConfiguration;
			buildSettings = {
				ALWAYS_SEARCH_USER_PATHS = NO;
				CLANG_ANALYZER_NONNULL = YES;
				CLANG_ANALYZER_NUMBER_OBJECT_CONVERSION = YES_AGGRESSIVE;
				CLANG_CXX_LANGUAGE_STANDARD = "gnu++14";
				CLANG_CXX_LIBRARY = "libc++";
				CLANG_ENABLE_MODULES = YES;
				CLANG_ENABLE_OBJC_ARC = YES;
				CLANG_ENABLE_OBJC_WEAK = YES;
				CLANG_WARN_BLOCK_CAPTURE_AUTORELEASING = YES;
				CLANG_WARN_BOOL_CONVERSION = YES;
				CLANG_WARN_COMMA = YES;
				CLANG_WARN_CONSTANT_CONVERSION = YES;
				CLANG_WARN_DEPRECATED_OBJC_IMPLEMENTATIONS = YES;
				CLANG_WARN_DIRECT_OBJC_ISA_USAGE = YES_ERROR;
				CLANG_WARN_DOCUMENTATION_COMMENTS = YES;
				CLANG_WARN_EMPTY_BODY = YES;
				CLANG_WARN_ENUM_CONVERSION = YES;
				CLANG_WARN_INFINITE_RECURSION = YES;
				CLANG_WARN_INT_CONVERSION = YES;
				CLANG_WARN_NON_LITERAL_NULL_CONVERSION = YES;
				CLANG_WARN_OBJC_IMPLICIT_RETAIN_SELF = YES;
				CLANG_WARN_OBJC_LITERAL_CONVERSION = YES;
				CLANG_WARN_OBJC_ROOT_CLASS = YES_ERROR;
				CLANG_WARN_RANGE_LOOP_ANALYSIS = YES;
				CLANG_WARN_STRICT_PROTOTYPES = YES;
				CLANG_WARN_SUSPICIOUS_MOVE = YES;
				CLANG_WARN_UNGUARDED_AVAILABILITY = YES_AGGRESSIVE;
				CLANG_WARN_UNREACHABLE_CODE = YES;
				CLANG_WARN__DUPLICATE_METHOD_MATCH = YES;
				COPY_PHASE_STRIP = NO;
				DEBUG_INFORMATION_FORMAT = dwarf;
				ENABLE_STRICT_OBJC_MSGSEND = YES;
				ENABLE_TESTABILITY = YES;
				GCC_C_LANGUAGE_STANDARD = gnu11;
				GCC_DYNAMIC_NO_PIC = NO;
				GCC_NO_COMMON_BLOCKS = YES;
				GCC_OPTIMIZATION_LEVEL = 0;
				GCC_PREPROCESSOR_DEFINITIONS = (
					"DEBUG=1",
					"$(inherited)",
				);
				GCC_WARN_64_TO_32_BIT_CONVERSION = YES;
				GCC_WARN_ABOUT_RETURN_TYPE = YES_ERROR;
				GCC_WARN_UNDECLARED_SELECTOR = YES;
				GCC_WARN_UNINITIALIZED_AUTOS = YES_AGGRESSIVE;
				GCC_WARN_UNUSED_FUNCTION = YES;
				GCC_WARN_UNUSED_VARIABLE = YES;
				MACOSX_DEPLOYMENT_TARGET = 10.15;
				MTL_ENABLE_DEBUG_INFO = INCLUDE_SOURCE;
				MTL_FAST_MATH = YES;
				ONLY_ACTIVE_ARCH = YES;
				SDKROOT = macosx;
				SWIFT_ACTIVE_COMPILATION_CONDITIONS = DEBUG;
				SWIFT_OPTIMIZATION_LEVEL = "-Onone";
			};
			name = Debug;
		};
		AA6DDF1B249276A2009AD2D5 /* Release */ = {
			isa = XCBuildConfiguration;
			buildSettings = {
				ALWAYS_SEARCH_USER_PATHS = NO;
				CLANG_ANALYZER_NONNULL = YES;
				CLANG_ANALYZER_NUMBER_OBJECT_CONVERSION = YES_AGGRESSIVE;
				CLANG_CXX_LANGUAGE_STANDARD = "gnu++14";
				CLANG_CXX_LIBRARY = "libc++";
				CLANG_ENABLE_MODULES = YES;
				CLANG_ENABLE_OBJC_ARC = YES;
				CLANG_ENABLE_OBJC_WEAK = YES;
				CLANG_WARN_BLOCK_CAPTURE_AUTORELEASING = YES;
				CLANG_WARN_BOOL_CONVERSION = YES;
				CLANG_WARN_COMMA = YES;
				CLANG_WARN_CONSTANT_CONVERSION = YES;
				CLANG_WARN_DEPRECATED_OBJC_IMPLEMENTATIONS = YES;
				CLANG_WARN_DIRECT_OBJC_ISA_USAGE = YES_ERROR;
				CLANG_WARN_DOCUMENTATION_COMMENTS = YES;
				CLANG_WARN_EMPTY_BODY = YES;
				CLANG_WARN_ENUM_CONVERSION = YES;
				CLANG_WARN_INFINITE_RECURSION = YES;
				CLANG_WARN_INT_CONVERSION = YES;
				CLANG_WARN_NON_LITERAL_NULL_CONVERSION = YES;
				CLANG_WARN_OBJC_IMPLICIT_RETAIN_SELF = YES;
				CLANG_WARN_OBJC_LITERAL_CONVERSION = YES;
				CLANG_WARN_OBJC_ROOT_CLASS = YES_ERROR;
				CLANG_WARN_RANGE_LOOP_ANALYSIS = YES;
				CLANG_WARN_STRICT_PROTOTYPES = YES;
				CLANG_WARN_SUSPICIOUS_MOVE = YES;
				CLANG_WARN_UNGUARDED_AVAILABILITY = YES_AGGRESSIVE;
				CLANG_WARN_UNREACHABLE_CODE = YES;
				CLANG_WARN__DUPLICATE_METHOD_MATCH = YES;
				COPY_PHASE_STRIP = NO;
				DEBUG_INFORMATION_FORMAT = "dwarf-with-dsym";
				ENABLE_NS_ASSERTIONS = NO;
				ENABLE_STRICT_OBJC_MSGSEND = YES;
				GCC_C_LANGUAGE_STANDARD = gnu11;
				GCC_NO_COMMON_BLOCKS = YES;
				GCC_WARN_64_TO_32_BIT_CONVERSION = YES;
				GCC_WARN_ABOUT_RETURN_TYPE = YES_ERROR;
				GCC_WARN_UNDECLARED_SELECTOR = YES;
				GCC_WARN_UNINITIALIZED_AUTOS = YES_AGGRESSIVE;
				GCC_WARN_UNUSED_FUNCTION = YES;
				GCC_WARN_UNUSED_VARIABLE = YES;
				MACOSX_DEPLOYMENT_TARGET = 10.15;
				MTL_ENABLE_DEBUG_INFO = NO;
				MTL_FAST_MATH = YES;
				SDKROOT = macosx;
				SWIFT_COMPILATION_MODE = wholemodule;
				SWIFT_OPTIMIZATION_LEVEL = "-O";
			};
			name = Release;
		};
		AA6DDF1D249276A2009AD2D5 /* Debug */ = {
			isa = XCBuildConfiguration;
			buildSettings = {
				ASSETCATALOG_COMPILER_APPICON_NAME = AppIcon;
				CLANG_ENABLE_MODULES = YES;
				CODE_SIGN_ENTITLEMENTS = Red/Red.entitlements;
				CODE_SIGN_IDENTITY = "Apple Development";
				CODE_SIGN_STYLE = Automatic;
				COMBINE_HIDPI_IMAGES = YES;
				DEVELOPMENT_TEAM = Z2B87YMX6M;
				ENABLE_HARDENED_RUNTIME = YES;
				FRAMEWORK_SEARCH_PATHS = (
					"$(inherited)",
					"$(PROJECT_DIR)",
					"$(PROJECT_DIR)/Red",
					"$(PROJECT_DIR)/../../libred/build",
					"$(PROJECT_DIR)/../../../third-party/install/Frameworks",
				);
				HEADER_SEARCH_PATHS = "\"/Applications/Racket v7.7/include/\"";
				INFOPLIST_FILE = Red/Info.plist;
				LD_RUNPATH_SEARCH_PATHS = (
					"$(inherited)",
					"@executable_path/../Frameworks",
				);
				PRODUCT_BUNDLE_IDENTIFIER = com.manicmind.Red;
				PRODUCT_NAME = "$(TARGET_NAME)";
				PROVISIONING_PROFILE_SPECIFIER = "";
				SWIFT_OBJC_BRIDGING_HEADER = Red/bridge.h;
				SWIFT_OPTIMIZATION_LEVEL = "-Onone";
				SWIFT_VERSION = 5.0;
			};
			name = Debug;
		};
		AA6DDF1E249276A2009AD2D5 /* Release */ = {
			isa = XCBuildConfiguration;
			buildSettings = {
				ASSETCATALOG_COMPILER_APPICON_NAME = AppIcon;
				CLANG_ENABLE_MODULES = YES;
				CODE_SIGN_ENTITLEMENTS = Red/Red.entitlements;
				CODE_SIGN_IDENTITY = "Apple Development";
				CODE_SIGN_STYLE = Automatic;
				COMBINE_HIDPI_IMAGES = YES;
				DEVELOPMENT_TEAM = Z2B87YMX6M;
				ENABLE_HARDENED_RUNTIME = YES;
				FRAMEWORK_SEARCH_PATHS = (
					"$(inherited)",
					"$(PROJECT_DIR)",
					"$(PROJECT_DIR)/Red",
					"$(PROJECT_DIR)/../../libred/build",
					"$(PROJECT_DIR)/../../../third-party/install/Frameworks",
				);
				HEADER_SEARCH_PATHS = "\"/Applications/Racket v7.7/include/\"";
				INFOPLIST_FILE = Red/Info.plist;
				LD_RUNPATH_SEARCH_PATHS = (
					"$(inherited)",
					"@executable_path/../Frameworks",
				);
				PRODUCT_BUNDLE_IDENTIFIER = com.manicmind.Red;
				PRODUCT_NAME = "$(TARGET_NAME)";
				PROVISIONING_PROFILE_SPECIFIER = "";
				SWIFT_OBJC_BRIDGING_HEADER = Red/bridge.h;
				SWIFT_VERSION = 5.0;
			};
			name = Release;
		};
		AA6DDF20249276A2009AD2D5 /* Debug */ = {
			isa = XCBuildConfiguration;
			buildSettings = {
				ALWAYS_EMBED_SWIFT_STANDARD_LIBRARIES = YES;
				BUNDLE_LOADER = "$(TEST_HOST)";
				CODE_SIGN_STYLE = Automatic;
				COMBINE_HIDPI_IMAGES = YES;
				DEVELOPMENT_TEAM = Z2B87YMX6M;
				INFOPLIST_FILE = RedTests/Info.plist;
				LD_RUNPATH_SEARCH_PATHS = (
					"$(inherited)",
					"@executable_path/../Frameworks",
					"@loader_path/../Frameworks",
				);
				MACOSX_DEPLOYMENT_TARGET = 10.15;
				PRODUCT_BUNDLE_IDENTIFIER = com.manicmind.RedTests;
				PRODUCT_NAME = "$(TARGET_NAME)";
				SWIFT_VERSION = 5.0;
				TEST_HOST = "$(BUILT_PRODUCTS_DIR)/Red.app/Contents/MacOS/Red";
			};
			name = Debug;
		};
		AA6DDF21249276A2009AD2D5 /* Release */ = {
			isa = XCBuildConfiguration;
			buildSettings = {
				ALWAYS_EMBED_SWIFT_STANDARD_LIBRARIES = YES;
				BUNDLE_LOADER = "$(TEST_HOST)";
				CODE_SIGN_STYLE = Automatic;
				COMBINE_HIDPI_IMAGES = YES;
				DEVELOPMENT_TEAM = Z2B87YMX6M;
				INFOPLIST_FILE = RedTests/Info.plist;
				LD_RUNPATH_SEARCH_PATHS = (
					"$(inherited)",
					"@executable_path/../Frameworks",
					"@loader_path/../Frameworks",
				);
				MACOSX_DEPLOYMENT_TARGET = 10.15;
				PRODUCT_BUNDLE_IDENTIFIER = com.manicmind.RedTests;
				PRODUCT_NAME = "$(TARGET_NAME)";
				SWIFT_VERSION = 5.0;
				TEST_HOST = "$(BUILT_PRODUCTS_DIR)/Red.app/Contents/MacOS/Red";
			};
			name = Release;
		};
		AA6DDF23249276A2009AD2D5 /* Debug */ = {
			isa = XCBuildConfiguration;
			buildSettings = {
				ALWAYS_EMBED_SWIFT_STANDARD_LIBRARIES = YES;
				CODE_SIGN_STYLE = Automatic;
				COMBINE_HIDPI_IMAGES = YES;
				DEVELOPMENT_TEAM = Z2B87YMX6M;
				INFOPLIST_FILE = RedUITests/Info.plist;
				LD_RUNPATH_SEARCH_PATHS = (
					"$(inherited)",
					"@executable_path/../Frameworks",
					"@loader_path/../Frameworks",
				);
				PRODUCT_BUNDLE_IDENTIFIER = com.manicmind.RedUITests;
				PRODUCT_NAME = "$(TARGET_NAME)";
				SWIFT_VERSION = 5.0;
				TEST_TARGET_NAME = Red;
			};
			name = Debug;
		};
		AA6DDF24249276A2009AD2D5 /* Release */ = {
			isa = XCBuildConfiguration;
			buildSettings = {
				ALWAYS_EMBED_SWIFT_STANDARD_LIBRARIES = YES;
				CODE_SIGN_STYLE = Automatic;
				COMBINE_HIDPI_IMAGES = YES;
				DEVELOPMENT_TEAM = Z2B87YMX6M;
				INFOPLIST_FILE = RedUITests/Info.plist;
				LD_RUNPATH_SEARCH_PATHS = (
					"$(inherited)",
					"@executable_path/../Frameworks",
					"@loader_path/../Frameworks",
				);
				PRODUCT_BUNDLE_IDENTIFIER = com.manicmind.RedUITests;
				PRODUCT_NAME = "$(TARGET_NAME)";
				SWIFT_VERSION = 5.0;
				TEST_TARGET_NAME = Red;
			};
			name = Release;
		};
/* End XCBuildConfiguration section */

/* Begin XCConfigurationList section */
		AA6DDEF3249276A1009AD2D5 /* Build configuration list for PBXProject "Red" */ = {
			isa = XCConfigurationList;
			buildConfigurations = (
				AA6DDF1A249276A2009AD2D5 /* Debug */,
				AA6DDF1B249276A2009AD2D5 /* Release */,
			);
			defaultConfigurationIsVisible = 0;
			defaultConfigurationName = Release;
		};
		AA6DDF1C249276A2009AD2D5 /* Build configuration list for PBXNativeTarget "Red" */ = {
			isa = XCConfigurationList;
			buildConfigurations = (
				AA6DDF1D249276A2009AD2D5 /* Debug */,
				AA6DDF1E249276A2009AD2D5 /* Release */,
			);
			defaultConfigurationIsVisible = 0;
			defaultConfigurationName = Release;
		};
		AA6DDF1F249276A2009AD2D5 /* Build configuration list for PBXNativeTarget "RedTests" */ = {
			isa = XCConfigurationList;
			buildConfigurations = (
				AA6DDF20249276A2009AD2D5 /* Debug */,
				AA6DDF21249276A2009AD2D5 /* Release */,
			);
			defaultConfigurationIsVisible = 0;
			defaultConfigurationName = Release;
		};
		AA6DDF22249276A2009AD2D5 /* Build configuration list for PBXNativeTarget "RedUITests" */ = {
			isa = XCConfigurationList;
			buildConfigurations = (
				AA6DDF23249276A2009AD2D5 /* Debug */,
				AA6DDF24249276A2009AD2D5 /* Release */,
			);
			defaultConfigurationIsVisible = 0;
			defaultConfigurationName = Release;
		};
/* End XCConfigurationList section */
	};
	rootObject = AA6DDEF0249276A1009AD2D5 /* Project object */;
}
